
Microsoft Visual Studio Solution File, Format Version 12.00
# Visual Studio Version 17
VisualStudioVersion = 17.2.32616.157
MinimumVisualStudioVersion = 10.0.40219.1
Project("{FAE04EC0-301F-11D3-BF4B-00C04F79EFBC}") = "Bookinist", "Bookinist\Bookinist.csproj", "{C83F36A7-F2B1-4A04-A5D5-E4F4D23A4752}"
EndProject
Global
	GlobalSection(SolutionConfigurationPlatforms) = preSolution
		Debug|Any CPU = Debug|Any CPU
		Release|Any CPU = Release|Any CPU
	EndGlobalSection
	GlobalSection(ProjectConfigurationPlatforms) = postSolution
		{C83F36A7-F2B1-4A04-A5D5-E4F4D23A4752}.Debug|Any CPU.ActiveCfg = Debug|Any CPU
		{C83F36A7-F2B1-4A04-A5D5-E4F4D23A4752}.Debug|Any CPU.Build.0 = Debug|Any CPU
		{C83F36A7-F2B1-4A04-A5D5-E4F4D23A4752}.Release|Any CPU.ActiveCfg = Release|Any CPU
		{C83F36A7-F2B1-4A04-A5D5-E4F4D23A4752}.Release|Any CPU.Build.0 = Release|Any CPU
	EndGlobalSection
	GlobalSection(SolutionProperties) = preSolution
		HideSolutionNode = FALSE
	EndGlobalSection
	GlobalSection(ExtensibilityGlobals) = postSolution
		SolutionGuid = {59870923-E435-4B74-AA9D-F5C9C02810F6}
	EndGlobalSection
EndGlobal
